
Microsoft Visual Studio Solution File, Format Version 12.00
# Visual Studio Version 16
VisualStudioVersion = 16.0.31321.278
MinimumVisualStudioVersion = 10.0.40219.1
Project("{9A19103F-16F7-4668-BE54-9A1E7A4F7556}") = "ToolUpdateData", "ToolUpdateData.csproj", "{19D39B72-E673-4079-9C02-3854606E9412}"
EndProject
Global
	GlobalSection(SolutionConfigurationPlatforms) = preSolution
		Debug|Any CPU = Debug|Any CPU
		Release|Any CPU = Release|Any CPU
	EndGlobalSection
	GlobalSection(ProjectConfigurationPlatforms) = postSolution
		{19D39B72-E673-4079-9C02-3854606E9412}.Debug|Any CPU.ActiveCfg = Debug|Any CPU
		{19D39B72-E673-4079-9C02-3854606E9412}.Debug|Any CPU.Build.0 = Debug|Any CPU
		{19D39B72-E673-4079-9C02-3854606E9412}.Release|Any CPU.ActiveCfg = Release|Any CPU
		{19D39B72-E673-4079-9C02-3854606E9412}.Release|Any CPU.Build.0 = Release|Any CPU
	EndGlobalSection
	GlobalSection(SolutionProperties) = preSolution
		HideSolutionNode = FALSE
	EndGlobalSection
	GlobalSection(ExtensibilityGlobals) = postSolution
		SolutionGuid = {62498C3B-E697-419D-84F7-E1F2D4CB70B2}
	EndGlobalSection
EndGlobal
